// !$*UTF8*$!
{
	archiveVersion = 1;
	classes = {
	};
	objectVersion = 56;
	objects = {

/* Begin PBXBuildFile section */
		3F040ACC2AC1A3AC00719CDD /* User+CoreDataClass.swift in Sources */ = {isa = PBXBuildFile; fileRef = 3F040AC22AC1A3AC00719CDD /* User+CoreDataClass.swift */; };
		3F040ACE2AC1A3AC00719CDD /* Content+CoreDataClass.swift in Sources */ = {isa = PBXBuildFile; fileRef = 3F040AC42AC1A3AC00719CDD /* Content+CoreDataClass.swift */; };
		3F040AD02AC1A3AC00719CDD /* Recipe+CoreDataClass.swift in Sources */ = {isa = PBXBuildFile; fileRef = 3F040AC62AC1A3AC00719CDD /* Recipe+CoreDataClass.swift */; };
		3F040AD22AC1A3AC00719CDD /* Category+CoreDataClass.swift in Sources */ = {isa = PBXBuildFile; fileRef = 3F040AC82AC1A3AC00719CDD /* Category+CoreDataClass.swift */; };
		3F040AD42AC1A3AC00719CDD /* Materials+CoreDataClass.swift in Sources */ = {isa = PBXBuildFile; fileRef = 3F040ACA2AC1A3AC00719CDD /* Materials+CoreDataClass.swift */; };
		3F040ADB2AC1A99200719CDD /* SnapKit in Frameworks */ = {isa = PBXBuildFile; productRef = 3F040ADA2AC1A99200719CDD /* SnapKit */; };
		3F040ADD2AC25DE700719CDD /* LoginView.swift in Sources */ = {isa = PBXBuildFile; fileRef = 3F040ADC2AC25DE700719CDD /* LoginView.swift */; };
		3F040ADF2AC2645000719CDD /* SignUpView.swift in Sources */ = {isa = PBXBuildFile; fileRef = 3F040ADE2AC2645000719CDD /* SignUpView.swift */; };
		3F040AE12AC2645F00719CDD /* SignUpViewController.swift in Sources */ = {isa = PBXBuildFile; fileRef = 3F040AE02AC2645F00719CDD /* SignUpViewController.swift */; };
		3F040AE42AC279C300719CDD /* MyPageView2.swift in Sources */ = {isa = PBXBuildFile; fileRef = 3F040AE32AC279C300719CDD /* MyPageView2.swift */; };
		3F040AE62AC29B1F00719CDD /* MyPageView.swift in Sources */ = {isa = PBXBuildFile; fileRef = 3F040AE52AC29B1F00719CDD /* MyPageView.swift */; };
		3F040AEC2AC2B95F00719CDD /* MyPageCustomCell.swift in Sources */ = {isa = PBXBuildFile; fileRef = 3F040AEB2AC2B95F00719CDD /* MyPageCustomCell.swift */; };
		3F040AEE2AC2CA1900719CDD /* MyPageCustomCell2.swift in Sources */ = {isa = PBXBuildFile; fileRef = 3F040AED2AC2CA1900719CDD /* MyPageCustomCell2.swift */; };
		3F040AF22AC2D03000719CDD /* ColorGuide.swift in Sources */ = {isa = PBXBuildFile; fileRef = 3F040AF12AC2D03000719CDD /* ColorGuide.swift */; };
		637119C52AC1793000E59D1F /* AppDelegate.swift in Sources */ = {isa = PBXBuildFile; fileRef = 637119C42AC1793000E59D1F /* AppDelegate.swift */; };
		637119C72AC1793000E59D1F /* SceneDelegate.swift in Sources */ = {isa = PBXBuildFile; fileRef = 637119C62AC1793000E59D1F /* SceneDelegate.swift */; };
		637119C92AC1793000E59D1F /* TabbarViewController.swift in Sources */ = {isa = PBXBuildFile; fileRef = 637119C82AC1793000E59D1F /* TabbarViewController.swift */; };
		637119CC2AC1793000E59D1F /* Main.storyboard in Resources */ = {isa = PBXBuildFile; fileRef = 637119CA2AC1793000E59D1F /* Main.storyboard */; };
		637119CF2AC1793000E59D1F /* HanSang.xcdatamodeld in Sources */ = {isa = PBXBuildFile; fileRef = 637119CD2AC1793000E59D1F /* HanSang.xcdatamodeld */; };
		637119D12AC1793100E59D1F /* Assets.xcassets in Resources */ = {isa = PBXBuildFile; fileRef = 637119D02AC1793100E59D1F /* Assets.xcassets */; };
		637119D42AC1793100E59D1F /* LaunchScreen.storyboard in Resources */ = {isa = PBXBuildFile; fileRef = 637119D22AC1793100E59D1F /* LaunchScreen.storyboard */; };
		637119E22AC17A3400E59D1F /* .gitignore in Resources */ = {isa = PBXBuildFile; fileRef = 637119E12AC17A3400E59D1F /* .gitignore */; };
		637119E42AC17BDC00E59D1F /* MainViewController.swift in Sources */ = {isa = PBXBuildFile; fileRef = 637119E32AC17BDC00E59D1F /* MainViewController.swift */; };
		637119E62AC17C0E00E59D1F /* MyPageViewController.swift in Sources */ = {isa = PBXBuildFile; fileRef = 637119E52AC17C0E00E59D1F /* MyPageViewController.swift */; };
		637119E82AC17C5900E59D1F /* DetailViewController.swift in Sources */ = {isa = PBXBuildFile; fileRef = 637119E72AC17C5900E59D1F /* DetailViewController.swift */; };
		637119EA2AC17C9500E59D1F /* CreateViewController.swift in Sources */ = {isa = PBXBuildFile; fileRef = 637119E92AC17C9500E59D1F /* CreateViewController.swift */; };
		637119EC2AC17CAA00E59D1F /* BookMarkViewController.swift in Sources */ = {isa = PBXBuildFile; fileRef = 637119EB2AC17CAA00E59D1F /* BookMarkViewController.swift */; };
		637119EE2AC17CC100E59D1F /* LoginViewController.swift in Sources */ = {isa = PBXBuildFile; fileRef = 637119ED2AC17CC100E59D1F /* LoginViewController.swift */; };
		637119F12AC180DF00E59D1F /* TimerViewController.swift in Sources */ = {isa = PBXBuildFile; fileRef = 637119F02AC180DF00E59D1F /* TimerViewController.swift */; };
/* End PBXBuildFile section */

/* Begin PBXFileReference section */
		3F040AC22AC1A3AC00719CDD /* User+CoreDataClass.swift */ = {isa = PBXFileReference; lastKnownFileType = sourcecode.swift; path = "User+CoreDataClass.swift"; sourceTree = "<group>"; };
		3F040AC42AC1A3AC00719CDD /* Content+CoreDataClass.swift */ = {isa = PBXFileReference; lastKnownFileType = sourcecode.swift; path = "Content+CoreDataClass.swift"; sourceTree = "<group>"; };
		3F040AC62AC1A3AC00719CDD /* Recipe+CoreDataClass.swift */ = {isa = PBXFileReference; lastKnownFileType = sourcecode.swift; path = "Recipe+CoreDataClass.swift"; sourceTree = "<group>"; };
		3F040AC82AC1A3AC00719CDD /* Category+CoreDataClass.swift */ = {isa = PBXFileReference; lastKnownFileType = sourcecode.swift; path = "Category+CoreDataClass.swift"; sourceTree = "<group>"; };
		3F040ACA2AC1A3AC00719CDD /* Materials+CoreDataClass.swift */ = {isa = PBXFileReference; lastKnownFileType = sourcecode.swift; path = "Materials+CoreDataClass.swift"; sourceTree = "<group>"; };
		3F040ADC2AC25DE700719CDD /* LoginView.swift */ = {isa = PBXFileReference; lastKnownFileType = sourcecode.swift; path = LoginView.swift; sourceTree = "<group>"; };
		3F040ADE2AC2645000719CDD /* SignUpView.swift */ = {isa = PBXFileReference; lastKnownFileType = sourcecode.swift; path = SignUpView.swift; sourceTree = "<group>"; };
		3F040AE02AC2645F00719CDD /* SignUpViewController.swift */ = {isa = PBXFileReference; lastKnownFileType = sourcecode.swift; path = SignUpViewController.swift; sourceTree = "<group>"; };
		3F040AE32AC279C300719CDD /* MyPageView2.swift */ = {isa = PBXFileReference; lastKnownFileType = sourcecode.swift; path = MyPageView2.swift; sourceTree = "<group>"; };
		3F040AE52AC29B1F00719CDD /* MyPageView.swift */ = {isa = PBXFileReference; lastKnownFileType = sourcecode.swift; path = MyPageView.swift; sourceTree = "<group>"; };
		3F040AEB2AC2B95F00719CDD /* MyPageCustomCell.swift */ = {isa = PBXFileReference; lastKnownFileType = sourcecode.swift; path = MyPageCustomCell.swift; sourceTree = "<group>"; };
		3F040AED2AC2CA1900719CDD /* MyPageCustomCell2.swift */ = {isa = PBXFileReference; lastKnownFileType = sourcecode.swift; path = MyPageCustomCell2.swift; sourceTree = "<group>"; };
		3F040AF12AC2D03000719CDD /* ColorGuide.swift */ = {isa = PBXFileReference; lastKnownFileType = sourcecode.swift; path = ColorGuide.swift; sourceTree = "<group>"; };
		637119C12AC1793000E59D1F /* HanSang.app */ = {isa = PBXFileReference; explicitFileType = wrapper.application; includeInIndex = 0; path = HanSang.app; sourceTree = BUILT_PRODUCTS_DIR; };
		637119C42AC1793000E59D1F /* AppDelegate.swift */ = {isa = PBXFileReference; lastKnownFileType = sourcecode.swift; path = AppDelegate.swift; sourceTree = "<group>"; };
		637119C62AC1793000E59D1F /* SceneDelegate.swift */ = {isa = PBXFileReference; lastKnownFileType = sourcecode.swift; path = SceneDelegate.swift; sourceTree = "<group>"; };
		637119C82AC1793000E59D1F /* TabbarViewController.swift */ = {isa = PBXFileReference; lastKnownFileType = sourcecode.swift; path = TabbarViewController.swift; sourceTree = "<group>"; };
		637119CB2AC1793000E59D1F /* Base */ = {isa = PBXFileReference; lastKnownFileType = file.storyboard; name = Base; path = Base.lproj/Main.storyboard; sourceTree = "<group>"; };
		637119CE2AC1793000E59D1F /* HanSang.xcdatamodel */ = {isa = PBXFileReference; lastKnownFileType = wrapper.xcdatamodel; path = HanSang.xcdatamodel; sourceTree = "<group>"; };
		637119D02AC1793100E59D1F /* Assets.xcassets */ = {isa = PBXFileReference; lastKnownFileType = folder.assetcatalog; path = Assets.xcassets; sourceTree = "<group>"; };
		637119D32AC1793100E59D1F /* Base */ = {isa = PBXFileReference; lastKnownFileType = file.storyboard; name = Base; path = Base.lproj/LaunchScreen.storyboard; sourceTree = "<group>"; };
		637119D52AC1793100E59D1F /* Info.plist */ = {isa = PBXFileReference; lastKnownFileType = text.plist.xml; path = Info.plist; sourceTree = "<group>"; };
		637119E12AC17A3400E59D1F /* .gitignore */ = {isa = PBXFileReference; lastKnownFileType = text; path = .gitignore; sourceTree = "<group>"; };
		637119E32AC17BDC00E59D1F /* MainViewController.swift */ = {isa = PBXFileReference; lastKnownFileType = sourcecode.swift; path = MainViewController.swift; sourceTree = "<group>"; };
		637119E52AC17C0E00E59D1F /* MyPageViewController.swift */ = {isa = PBXFileReference; lastKnownFileType = sourcecode.swift; path = MyPageViewController.swift; sourceTree = "<group>"; };
		637119E72AC17C5900E59D1F /* DetailViewController.swift */ = {isa = PBXFileReference; lastKnownFileType = sourcecode.swift; path = DetailViewController.swift; sourceTree = "<group>"; };
		637119E92AC17C9500E59D1F /* CreateViewController.swift */ = {isa = PBXFileReference; lastKnownFileType = sourcecode.swift; path = CreateViewController.swift; sourceTree = "<group>"; };
		637119EB2AC17CAA00E59D1F /* BookMarkViewController.swift */ = {isa = PBXFileReference; lastKnownFileType = sourcecode.swift; path = BookMarkViewController.swift; sourceTree = "<group>"; };
		637119ED2AC17CC100E59D1F /* LoginViewController.swift */ = {isa = PBXFileReference; lastKnownFileType = sourcecode.swift; path = LoginViewController.swift; sourceTree = "<group>"; };
		637119F02AC180DF00E59D1F /* TimerViewController.swift */ = {isa = PBXFileReference; lastKnownFileType = sourcecode.swift; path = TimerViewController.swift; sourceTree = "<group>"; };
/* End PBXFileReference section */

/* Begin PBXFrameworksBuildPhase section */
		637119BE2AC1793000E59D1F /* Frameworks */ = {
			isa = PBXFrameworksBuildPhase;
			buildActionMask = 2147483647;
			files = (
				3F040ADB2AC1A99200719CDD /* SnapKit in Frameworks */,
			);
			runOnlyForDeploymentPostprocessing = 0;
		};
/* End PBXFrameworksBuildPhase section */

/* Begin PBXGroup section */
		3F040AD62AC1A3D700719CDD /* Manager */ = {
			isa = PBXGroup;
			children = (
			);
			path = Manager;
			sourceTree = "<group>";
		};
		3F040AD72AC1A41600719CDD /* View */ = {
			isa = PBXGroup;
			children = (
				637119C82AC1793000E59D1F /* TabbarViewController.swift */,
				637119CA2AC1793000E59D1F /* Main.storyboard */,
				637119DC2AC1796B00E59D1F /* LoginPage */,
				637119DD2AC1798400E59D1F /* MainPage */,
				637119EF2AC180C500E59D1F /* TimerPage */,
				637119E02AC179DD00E59D1F /* BookMarkPage */,
				637119DF2AC179C600E59D1F /* CreatePage */,
				637119DE2AC179B000E59D1F /* DetailPage */,
				637119DB2AC1795700E59D1F /* MyPage */,
			);
			path = View;
			sourceTree = "<group>";
		};
		3F040AE22AC2646200719CDD /* SignUpPage */ = {
			isa = PBXGroup;
			children = (
				3F040ADE2AC2645000719CDD /* SignUpView.swift */,
				3F040AE02AC2645F00719CDD /* SignUpViewController.swift */,
			);
			path = SignUpPage;
			sourceTree = "<group>";
		};
		637119B82AC1793000E59D1F = {
			isa = PBXGroup;
			children = (
				637119E12AC17A3400E59D1F /* .gitignore */,
				637119C32AC1793000E59D1F /* HanSang */,
				637119C22AC1793000E59D1F /* Products */,
			);
			sourceTree = "<group>";
		};
		637119C22AC1793000E59D1F /* Products */ = {
			isa = PBXGroup;
			children = (
				637119C12AC1793000E59D1F /* HanSang.app */,
			);
			name = Products;
			sourceTree = "<group>";
		};
		637119C32AC1793000E59D1F /* HanSang */ = {
			isa = PBXGroup;
			children = (
				637119F52AC182E500E59D1F /* Extension */,
				637119F42AC182C300E59D1F /* Util */,
				637119F32AC182AC00E59D1F /* Application */,
				3F040AD62AC1A3D700719CDD /* Manager */,
				637119F22AC182A200E59D1F /* Model */,
				3F040AD72AC1A41600719CDD /* View */,
				637119D02AC1793100E59D1F /* Assets.xcassets */,
				637119D22AC1793100E59D1F /* LaunchScreen.storyboard */,
				637119D52AC1793100E59D1F /* Info.plist */,
				637119CD2AC1793000E59D1F /* HanSang.xcdatamodeld */,
			);
			path = HanSang;
			sourceTree = "<group>";
		};
		637119DB2AC1795700E59D1F /* MyPage */ = {
			isa = PBXGroup;
			children = (
				3F040AE32AC279C300719CDD /* MyPageView2.swift */,
				3F040AED2AC2CA1900719CDD /* MyPageCustomCell2.swift */,
				3F040AE52AC29B1F00719CDD /* MyPageView.swift */,
				3F040AEB2AC2B95F00719CDD /* MyPageCustomCell.swift */,
				637119E52AC17C0E00E59D1F /* MyPageViewController.swift */,
			);
			path = MyPage;
			sourceTree = "<group>";
		};
		637119DC2AC1796B00E59D1F /* LoginPage */ = {
			isa = PBXGroup;
			children = (
				3F040ADC2AC25DE700719CDD /* LoginView.swift */,
				637119ED2AC17CC100E59D1F /* LoginViewController.swift */,
				3F040AE22AC2646200719CDD /* SignUpPage */,
			);
			path = LoginPage;
			sourceTree = "<group>";
		};
		637119DD2AC1798400E59D1F /* MainPage */ = {
			isa = PBXGroup;
			children = (
				637119E32AC17BDC00E59D1F /* MainViewController.swift */,
			);
			path = MainPage;
			sourceTree = "<group>";
		};
		637119DE2AC179B000E59D1F /* DetailPage */ = {
			isa = PBXGroup;
			children = (
				637119E72AC17C5900E59D1F /* DetailViewController.swift */,
			);
			path = DetailPage;
			sourceTree = "<group>";
		};
		637119DF2AC179C600E59D1F /* CreatePage */ = {
			isa = PBXGroup;
			children = (
				637119E92AC17C9500E59D1F /* CreateViewController.swift */,
			);
			path = CreatePage;
			sourceTree = "<group>";
		};
		637119E02AC179DD00E59D1F /* BookMarkPage */ = {
			isa = PBXGroup;
			children = (
				637119EB2AC17CAA00E59D1F /* BookMarkViewController.swift */,
			);
			path = BookMarkPage;
			sourceTree = "<group>";
		};
		637119EF2AC180C500E59D1F /* TimerPage */ = {
			isa = PBXGroup;
			children = (
				637119F02AC180DF00E59D1F /* TimerViewController.swift */,
			);
			path = TimerPage;
			sourceTree = "<group>";
		};
		637119F22AC182A200E59D1F /* Model */ = {
			isa = PBXGroup;
			children = (
				3F040AC22AC1A3AC00719CDD /* User+CoreDataClass.swift */,
				3F040AC42AC1A3AC00719CDD /* Content+CoreDataClass.swift */,
				3F040AC62AC1A3AC00719CDD /* Recipe+CoreDataClass.swift */,
				3F040AC82AC1A3AC00719CDD /* Category+CoreDataClass.swift */,
				3F040ACA2AC1A3AC00719CDD /* Materials+CoreDataClass.swift */,
			);
			path = Model;
			sourceTree = "<group>";
		};
		637119F32AC182AC00E59D1F /* Application */ = {
			isa = PBXGroup;
			children = (
				637119C42AC1793000E59D1F /* AppDelegate.swift */,
				637119C62AC1793000E59D1F /* SceneDelegate.swift */,
			);
			path = Application;
			sourceTree = "<group>";
		};
		637119F42AC182C300E59D1F /* Util */ = {
			isa = PBXGroup;
			children = (
				3F040AF12AC2D03000719CDD /* ColorGuide.swift */,
			);
			path = Util;
			sourceTree = "<group>";
		};
		637119F52AC182E500E59D1F /* Extension */ = {
			isa = PBXGroup;
			children = (
			);
			path = Extension;
			sourceTree = "<group>";
		};
/* End PBXGroup section */

/* Begin PBXNativeTarget section */
		637119C02AC1793000E59D1F /* HanSang */ = {
			isa = PBXNativeTarget;
			buildConfigurationList = 637119D82AC1793100E59D1F /* Build configuration list for PBXNativeTarget "HanSang" */;
			buildPhases = (
				637119BD2AC1793000E59D1F /* Sources */,
				637119BE2AC1793000E59D1F /* Frameworks */,
				637119BF2AC1793000E59D1F /* Resources */,
			);
			buildRules = (
			);
			dependencies = (
			);
			name = HanSang;
			packageProductDependencies = (
				3F040ADA2AC1A99200719CDD /* SnapKit */,
			);
			productName = HanSang;
			productReference = 637119C12AC1793000E59D1F /* HanSang.app */;
			productType = "com.apple.product-type.application";
		};
/* End PBXNativeTarget section */

/* Begin PBXProject section */
		637119B92AC1793000E59D1F /* Project object */ = {
			isa = PBXProject;
			attributes = {
				BuildIndependentTargetsInParallel = 1;
				LastSwiftUpdateCheck = 1500;
				LastUpgradeCheck = 1500;
				TargetAttributes = {
					637119C02AC1793000E59D1F = {
						CreatedOnToolsVersion = 15.0;
					};
				};
			};
			buildConfigurationList = 637119BC2AC1793000E59D1F /* Build configuration list for PBXProject "HanSang" */;
			compatibilityVersion = "Xcode 14.0";
			developmentRegion = en;
			hasScannedForEncodings = 0;
			knownRegions = (
				en,
				Base,
			);
			mainGroup = 637119B82AC1793000E59D1F;
			packageReferences = (
				3F040AD92AC1A99200719CDD /* XCRemoteSwiftPackageReference "SnapKit" */,
			);
			productRefGroup = 637119C22AC1793000E59D1F /* Products */;
			projectDirPath = "";
			projectRoot = "";
			targets = (
				637119C02AC1793000E59D1F /* HanSang */,
			);
		};
/* End PBXProject section */

/* Begin PBXResourcesBuildPhase section */
		637119BF2AC1793000E59D1F /* Resources */ = {
			isa = PBXResourcesBuildPhase;
			buildActionMask = 2147483647;
			files = (
				637119E22AC17A3400E59D1F /* .gitignore in Resources */,
				637119D42AC1793100E59D1F /* LaunchScreen.storyboard in Resources */,
				637119D12AC1793100E59D1F /* Assets.xcassets in Resources */,
				637119CC2AC1793000E59D1F /* Main.storyboard in Resources */,
			);
			runOnlyForDeploymentPostprocessing = 0;
		};
/* End PBXResourcesBuildPhase section */

/* Begin PBXSourcesBuildPhase section */
		637119BD2AC1793000E59D1F /* Sources */ = {
			isa = PBXSourcesBuildPhase;
			buildActionMask = 2147483647;
			files = (
				637119EA2AC17C9500E59D1F /* CreateViewController.swift in Sources */,
				3F040AD02AC1A3AC00719CDD /* Recipe+CoreDataClass.swift in Sources */,
				637119EC2AC17CAA00E59D1F /* BookMarkViewController.swift in Sources */,
				3F040ACC2AC1A3AC00719CDD /* User+CoreDataClass.swift in Sources */,
				637119CF2AC1793000E59D1F /* HanSang.xcdatamodeld in Sources */,
				637119E62AC17C0E00E59D1F /* MyPageViewController.swift in Sources */,
				3F040AD22AC1A3AC00719CDD /* Category+CoreDataClass.swift in Sources */,
				3F040AE12AC2645F00719CDD /* SignUpViewController.swift in Sources */,
				637119C92AC1793000E59D1F /* TabbarViewController.swift in Sources */,
				637119C52AC1793000E59D1F /* AppDelegate.swift in Sources */,
				637119C72AC1793000E59D1F /* SceneDelegate.swift in Sources */,
				3F040ADD2AC25DE700719CDD /* LoginView.swift in Sources */,
				637119E42AC17BDC00E59D1F /* MainViewController.swift in Sources */,
				637119EE2AC17CC100E59D1F /* LoginViewController.swift in Sources */,
				3F040AE62AC29B1F00719CDD /* MyPageView.swift in Sources */,
				3F040AD42AC1A3AC00719CDD /* Materials+CoreDataClass.swift in Sources */,
				3F040AF22AC2D03000719CDD /* ColorGuide.swift in Sources */,
				3F040AEE2AC2CA1900719CDD /* MyPageCustomCell2.swift in Sources */,
				3F040ACE2AC1A3AC00719CDD /* Content+CoreDataClass.swift in Sources */,
				3F040AEC2AC2B95F00719CDD /* MyPageCustomCell.swift in Sources */,
				637119F12AC180DF00E59D1F /* TimerViewController.swift in Sources */,
				3F040AE42AC279C300719CDD /* MyPageView2.swift in Sources */,
				3F040ADF2AC2645000719CDD /* SignUpView.swift in Sources */,
				637119E82AC17C5900E59D1F /* DetailViewController.swift in Sources */,
			);
			runOnlyForDeploymentPostprocessing = 0;
		};
/* End PBXSourcesBuildPhase section */

/* Begin PBXVariantGroup section */
		637119CA2AC1793000E59D1F /* Main.storyboard */ = {
			isa = PBXVariantGroup;
			children = (
				637119CB2AC1793000E59D1F /* Base */,
			);
			name = Main.storyboard;
			sourceTree = "<group>";
		};
		637119D22AC1793100E59D1F /* LaunchScreen.storyboard */ = {
			isa = PBXVariantGroup;
			children = (
				637119D32AC1793100E59D1F /* Base */,
			);
			name = LaunchScreen.storyboard;
			sourceTree = "<group>";
		};
/* End PBXVariantGroup section */

/* Begin XCBuildConfiguration section */
		637119D62AC1793100E59D1F /* Debug */ = {
			isa = XCBuildConfiguration;
			buildSettings = {
				ALWAYS_SEARCH_USER_PATHS = NO;
				ASSETCATALOG_COMPILER_GENERATE_SWIFT_ASSET_SYMBOL_EXTENSIONS = YES;
				CLANG_ANALYZER_NONNULL = YES;
				CLANG_ANALYZER_NUMBER_OBJECT_CONVERSION = YES_AGGRESSIVE;
				CLANG_CXX_LANGUAGE_STANDARD = "gnu++20";
				CLANG_ENABLE_MODULES = YES;
				CLANG_ENABLE_OBJC_ARC = YES;
				CLANG_ENABLE_OBJC_WEAK = YES;
				CLANG_WARN_BLOCK_CAPTURE_AUTORELEASING = YES;
				CLANG_WARN_BOOL_CONVERSION = YES;
				CLANG_WARN_COMMA = YES;
				CLANG_WARN_CONSTANT_CONVERSION = YES;
				CLANG_WARN_DEPRECATED_OBJC_IMPLEMENTATIONS = YES;
				CLANG_WARN_DIRECT_OBJC_ISA_USAGE = YES_ERROR;
				CLANG_WARN_DOCUMENTATION_COMMENTS = YES;
				CLANG_WARN_EMPTY_BODY = YES;
				CLANG_WARN_ENUM_CONVERSION = YES;
				CLANG_WARN_INFINITE_RECURSION = YES;
				CLANG_WARN_INT_CONVERSION = YES;
				CLANG_WARN_NON_LITERAL_NULL_CONVERSION = YES;
				CLANG_WARN_OBJC_IMPLICIT_RETAIN_SELF = YES;
				CLANG_WARN_OBJC_LITERAL_CONVERSION = YES;
				CLANG_WARN_OBJC_ROOT_CLASS = YES_ERROR;
				CLANG_WARN_QUOTED_INCLUDE_IN_FRAMEWORK_HEADER = YES;
				CLANG_WARN_RANGE_LOOP_ANALYSIS = YES;
				CLANG_WARN_STRICT_PROTOTYPES = YES;
				CLANG_WARN_SUSPICIOUS_MOVE = YES;
				CLANG_WARN_UNGUARDED_AVAILABILITY = YES_AGGRESSIVE;
				CLANG_WARN_UNREACHABLE_CODE = YES;
				CLANG_WARN__DUPLICATE_METHOD_MATCH = YES;
				COPY_PHASE_STRIP = NO;
				DEBUG_INFORMATION_FORMAT = dwarf;
				ENABLE_STRICT_OBJC_MSGSEND = YES;
				ENABLE_TESTABILITY = YES;
				ENABLE_USER_SCRIPT_SANDBOXING = YES;
				GCC_C_LANGUAGE_STANDARD = gnu17;
				GCC_DYNAMIC_NO_PIC = NO;
				GCC_NO_COMMON_BLOCKS = YES;
				GCC_OPTIMIZATION_LEVEL = 0;
				GCC_PREPROCESSOR_DEFINITIONS = (
					"DEBUG=1",
					"$(inherited)",
				);
				GCC_WARN_64_TO_32_BIT_CONVERSION = YES;
				GCC_WARN_ABOUT_RETURN_TYPE = YES_ERROR;
				GCC_WARN_UNDECLARED_SELECTOR = YES;
				GCC_WARN_UNINITIALIZED_AUTOS = YES_AGGRESSIVE;
				GCC_WARN_UNUSED_FUNCTION = YES;
				GCC_WARN_UNUSED_VARIABLE = YES;
				IPHONEOS_DEPLOYMENT_TARGET = 17.0;
				LOCALIZATION_PREFERS_STRING_CATALOGS = YES;
				MTL_ENABLE_DEBUG_INFO = INCLUDE_SOURCE;
				MTL_FAST_MATH = YES;
				ONLY_ACTIVE_ARCH = YES;
				SDKROOT = iphoneos;
				SWIFT_ACTIVE_COMPILATION_CONDITIONS = "DEBUG $(inherited)";
				SWIFT_OPTIMIZATION_LEVEL = "-Onone";
			};
			name = Debug;
		};
		637119D72AC1793100E59D1F /* Release */ = {
			isa = XCBuildConfiguration;
			buildSettings = {
				ALWAYS_SEARCH_USER_PATHS = NO;
				ASSETCATALOG_COMPILER_GENERATE_SWIFT_ASSET_SYMBOL_EXTENSIONS = YES;
				CLANG_ANALYZER_NONNULL = YES;
				CLANG_ANALYZER_NUMBER_OBJECT_CONVERSION = YES_AGGRESSIVE;
				CLANG_CXX_LANGUAGE_STANDARD = "gnu++20";
				CLANG_ENABLE_MODULES = YES;
				CLANG_ENABLE_OBJC_ARC = YES;
				CLANG_ENABLE_OBJC_WEAK = YES;
				CLANG_WARN_BLOCK_CAPTURE_AUTORELEASING = YES;
				CLANG_WARN_BOOL_CONVERSION = YES;
				CLANG_WARN_COMMA = YES;
				CLANG_WARN_CONSTANT_CONVERSION = YES;
				CLANG_WARN_DEPRECATED_OBJC_IMPLEMENTATIONS = YES;
				CLANG_WARN_DIRECT_OBJC_ISA_USAGE = YES_ERROR;
				CLANG_WARN_DOCUMENTATION_COMMENTS = YES;
				CLANG_WARN_EMPTY_BODY = YES;
				CLANG_WARN_ENUM_CONVERSION = YES;
				CLANG_WARN_INFINITE_RECURSION = YES;
				CLANG_WARN_INT_CONVERSION = YES;
				CLANG_WARN_NON_LITERAL_NULL_CONVERSION = YES;
				CLANG_WARN_OBJC_IMPLICIT_RETAIN_SELF = YES;
				CLANG_WARN_OBJC_LITERAL_CONVERSION = YES;
				CLANG_WARN_OBJC_ROOT_CLASS = YES_ERROR;
				CLANG_WARN_QUOTED_INCLUDE_IN_FRAMEWORK_HEADER = YES;
				CLANG_WARN_RANGE_LOOP_ANALYSIS = YES;
				CLANG_WARN_STRICT_PROTOTYPES = YES;
				CLANG_WARN_SUSPICIOUS_MOVE = YES;
				CLANG_WARN_UNGUARDED_AVAILABILITY = YES_AGGRESSIVE;
				CLANG_WARN_UNREACHABLE_CODE = YES;
				CLANG_WARN__DUPLICATE_METHOD_MATCH = YES;
				COPY_PHASE_STRIP = NO;
				DEBUG_INFORMATION_FORMAT = "dwarf-with-dsym";
				ENABLE_NS_ASSERTIONS = NO;
				ENABLE_STRICT_OBJC_MSGSEND = YES;
				ENABLE_USER_SCRIPT_SANDBOXING = YES;
				GCC_C_LANGUAGE_STANDARD = gnu17;
				GCC_NO_COMMON_BLOCKS = YES;
				GCC_WARN_64_TO_32_BIT_CONVERSION = YES;
				GCC_WARN_ABOUT_RETURN_TYPE = YES_ERROR;
				GCC_WARN_UNDECLARED_SELECTOR = YES;
				GCC_WARN_UNINITIALIZED_AUTOS = YES_AGGRESSIVE;
				GCC_WARN_UNUSED_FUNCTION = YES;
				GCC_WARN_UNUSED_VARIABLE = YES;
				IPHONEOS_DEPLOYMENT_TARGET = 17.0;
				LOCALIZATION_PREFERS_STRING_CATALOGS = YES;
				MTL_ENABLE_DEBUG_INFO = NO;
				MTL_FAST_MATH = YES;
				SDKROOT = iphoneos;
				SWIFT_COMPILATION_MODE = wholemodule;
				VALIDATE_PRODUCT = YES;
			};
			name = Release;
		};
		637119D92AC1793100E59D1F /* Debug */ = {
			isa = XCBuildConfiguration;
			buildSettings = {
				ASSETCATALOG_COMPILER_APPICON_NAME = AppIcon;
				ASSETCATALOG_COMPILER_GLOBAL_ACCENT_COLOR_NAME = AccentColor;
				CODE_SIGN_STYLE = Automatic;
				CURRENT_PROJECT_VERSION = 1;
				GENERATE_INFOPLIST_FILE = YES;
				INFOPLIST_FILE = HanSang/Info.plist;
				INFOPLIST_KEY_UIApplicationSupportsIndirectInputEvents = YES;
				INFOPLIST_KEY_UILaunchStoryboardName = LaunchScreen;
				INFOPLIST_KEY_UIMainStoryboardFile = Main;
				INFOPLIST_KEY_UISupportedInterfaceOrientations_iPad = "UIInterfaceOrientationPortrait UIInterfaceOrientationPortraitUpsideDown UIInterfaceOrientationLandscapeLeft UIInterfaceOrientationLandscapeRight";
				INFOPLIST_KEY_UISupportedInterfaceOrientations_iPhone = "UIInterfaceOrientationPortrait UIInterfaceOrientationLandscapeLeft UIInterfaceOrientationLandscapeRight";
				IPHONEOS_DEPLOYMENT_TARGET = 15.0;
				LD_RUNPATH_SEARCH_PATHS = (
					"$(inherited)",
					"@executable_path/Frameworks",
				);
				MARKETING_VERSION = 1.0;
				PRODUCT_BUNDLE_IDENTIFIER = com.sseongwon.HanSang;
				PRODUCT_NAME = "$(TARGET_NAME)";
				SUPPORTED_PLATFORMS = "iphoneos iphonesimulator";
				SUPPORTS_MACCATALYST = NO;
				SUPPORTS_MAC_DESIGNED_FOR_IPHONE_IPAD = NO;
				SWIFT_EMIT_LOC_STRINGS = YES;
				SWIFT_VERSION = 5.0;
				TARGETED_DEVICE_FAMILY = 1;
			};
			name = Debug;
		};
		637119DA2AC1793100E59D1F /* Release */ = {
			isa = XCBuildConfiguration;
			buildSettings = {
				ASSETCATALOG_COMPILER_APPICON_NAME = AppIcon;
				ASSETCATALOG_COMPILER_GLOBAL_ACCENT_COLOR_NAME = AccentColor;
				CODE_SIGN_STYLE = Automatic;
				CURRENT_PROJECT_VERSION = 1;
				GENERATE_INFOPLIST_FILE = YES;
				INFOPLIST_FILE = HanSang/Info.plist;
				INFOPLIST_KEY_UIApplicationSupportsIndirectInputEvents = YES;
				INFOPLIST_KEY_UILaunchStoryboardName = LaunchScreen;
				INFOPLIST_KEY_UIMainStoryboardFile = Main;
				INFOPLIST_KEY_UISupportedInterfaceOrientations_iPad = "UIInterfaceOrientationPortrait UIInterfaceOrientationPortraitUpsideDown UIInterfaceOrientationLandscapeLeft UIInterfaceOrientationLandscapeRight";
				INFOPLIST_KEY_UISupportedInterfaceOrientations_iPhone = "UIInterfaceOrientationPortrait UIInterfaceOrientationLandscapeLeft UIInterfaceOrientationLandscapeRight";
				IPHONEOS_DEPLOYMENT_TARGET = 15.0;
				LD_RUNPATH_SEARCH_PATHS = (
					"$(inherited)",
					"@executable_path/Frameworks",
				);
				MARKETING_VERSION = 1.0;
				PRODUCT_BUNDLE_IDENTIFIER = com.sseongwon.HanSang;
				PRODUCT_NAME = "$(TARGET_NAME)";
				SUPPORTED_PLATFORMS = "iphoneos iphonesimulator";
				SUPPORTS_MACCATALYST = NO;
				SUPPORTS_MAC_DESIGNED_FOR_IPHONE_IPAD = NO;
				SWIFT_EMIT_LOC_STRINGS = YES;
				SWIFT_VERSION = 5.0;
				TARGETED_DEVICE_FAMILY = 1;
			};
			name = Release;
		};
/* End XCBuildConfiguration section */

/* Begin XCConfigurationList section */
		637119BC2AC1793000E59D1F /* Build configuration list for PBXProject "HanSang" */ = {
			isa = XCConfigurationList;
			buildConfigurations = (
				637119D62AC1793100E59D1F /* Debug */,
				637119D72AC1793100E59D1F /* Release */,
			);
			defaultConfigurationIsVisible = 0;
			defaultConfigurationName = Release;
		};
		637119D82AC1793100E59D1F /* Build configuration list for PBXNativeTarget "HanSang" */ = {
			isa = XCConfigurationList;
			buildConfigurations = (
				637119D92AC1793100E59D1F /* Debug */,
				637119DA2AC1793100E59D1F /* Release */,
			);
			defaultConfigurationIsVisible = 0;
			defaultConfigurationName = Release;
		};
/* End XCConfigurationList section */

/* Begin XCRemoteSwiftPackageReference section */
		3F040AD92AC1A99200719CDD /* XCRemoteSwiftPackageReference "SnapKit" */ = {
			isa = XCRemoteSwiftPackageReference;
			repositoryURL = "https://github.com/SnapKit/SnapKit.git";
			requirement = {
				kind = upToNextMajorVersion;
				minimumVersion = 5.0.0;
			};
		};
/* End XCRemoteSwiftPackageReference section */

/* Begin XCSwiftPackageProductDependency section */
		3F040ADA2AC1A99200719CDD /* SnapKit */ = {
			isa = XCSwiftPackageProductDependency;
			package = 3F040AD92AC1A99200719CDD /* XCRemoteSwiftPackageReference "SnapKit" */;
			productName = SnapKit;
		};
/* End XCSwiftPackageProductDependency section */

/* Begin XCVersionGroup section */
		637119CD2AC1793000E59D1F /* HanSang.xcdatamodeld */ = {
			isa = XCVersionGroup;
			children = (
				637119CE2AC1793000E59D1F /* HanSang.xcdatamodel */,
			);
			currentVersion = 637119CE2AC1793000E59D1F /* HanSang.xcdatamodel */;
			path = HanSang.xcdatamodeld;
			sourceTree = "<group>";
			versionGroupType = wrapper.xcdatamodel;
		};
/* End XCVersionGroup section */
	};
	rootObject = 637119B92AC1793000E59D1F /* Project object */;
}
